
Microsoft Visual Studio Solution File, Format Version 12.00
# Visual Studio Version 17
VisualStudioVersion = 17.14.36915.13 d17.14
MinimumVisualStudioVersion = 10.0.40219.1
Project("{FAE04EC0-301F-11D3-BF4B-00C04F79EFBC}") = "LogParser.Api", "LogParser.Api\LogParser.Api.csproj", "{F59C2345-9E81-4438-BB01-64E534141C23}"
EndProject
Project("{FAE04EC0-301F-11D3-BF4B-00C04F79EFBC}") = "LogParser.Tests", "LogParser.Tests\LogParser.Tests.csproj", "{7A1DAE03-C081-4C79-AF8C-E9461CE2853B}"
EndProject
Global
	GlobalSection(SolutionConfigurationPlatforms) = preSolution
		Debug|Any CPU = Debug|Any CPU
		Release|Any CPU = Release|Any CPU
	EndGlobalSection
	GlobalSection(ProjectConfigurationPlatforms) = postSolution
		{F59C2345-9E81-4438-BB01-64E534141C23}.Debug|Any CPU.ActiveCfg = Debug|Any CPU
		{F59C2345-9E81-4438-BB01-64E534141C23}.Debug|Any CPU.Build.0 = Debug|Any CPU
		{F59C2345-9E81-4438-BB01-64E534141C23}.Release|Any CPU.ActiveCfg = Release|Any CPU
		{F59C2345-9E81-4438-BB01-64E534141C23}.Release|Any CPU.Build.0 = Release|Any CPU
		{7A1DAE03-C081-4C79-AF8C-E9461CE2853B}.Debug|Any CPU.ActiveCfg = Debug|Any CPU
		{7A1DAE03-C081-4C79-AF8C-E9461CE2853B}.Debug|Any CPU.Build.0 = Debug|Any CPU
		{7A1DAE03-C081-4C79-AF8C-E9461CE2853B}.Release|Any CPU.ActiveCfg = Release|Any CPU
		{7A1DAE03-C081-4C79-AF8C-E9461CE2853B}.Release|Any CPU.Build.0 = Release|Any CPU
	EndGlobalSection
	GlobalSection(SolutionProperties) = preSolution
		HideSolutionNode = FALSE
	EndGlobalSection
	GlobalSection(ExtensibilityGlobals) = postSolution
		SolutionGuid = {4EE1BB7A-78C5-45AA-907F-241FE728D91F}
	EndGlobalSection
EndGlobal
